
Microsoft Visual Studio Solution File, Format Version 12.00
# Visual Studio Version 17
VisualStudioVersion = 17.0.32112.339
MinimumVisualStudioVersion = 10.0.40219.1
Project("{9A19103F-16F7-4668-BE54-9A1E7A4F7556}") = "Shreco", "Shreco\Shreco\Shreco.csproj", "{BE9A87A1-8043-4D8C-BD4A-9B180769A59E}"
EndProject
Project("{FAE04EC0-301F-11D3-BF4B-00C04F79EFBC}") = "Shreco.Droid", "Shreco\Shreco.Droid\Shreco.Droid.csproj", "{9F093D89-6EEE-4CA0-BAC9-7790B5D3B077}"
EndProject
Project("{FAE04EC0-301F-11D3-BF4B-00C04F79EFBC}") = "Shreco.iOS", "Shreco\Shreco.iOS\Shreco.iOS.csproj", "{6ED23F56-E943-4CD5-AE19-D925C5B8D1CC}"
EndProject
Project("{2150E333-8FDC-42A3-9474-1A3956D46DE8}") = "Mobile", "Mobile", "{4E754D1C-14E9-472F-833A-8CCB8315D22B}"
EndProject
Global
	GlobalSection(SolutionConfigurationPlatforms) = preSolution
		Ad-Hoc|Any CPU = Ad-Hoc|Any CPU
		Ad-Hoc|iPhone = Ad-Hoc|iPhone
		Ad-Hoc|iPhoneSimulator = Ad-Hoc|iPhoneSimulator
		AppStore|Any CPU = AppStore|Any CPU
		AppStore|iPhone = AppStore|iPhone
		AppStore|iPhoneSimulator = AppStore|iPhoneSimulator
		Debug|Any CPU = Debug|Any CPU
		Debug|iPhone = Debug|iPhone
		Debug|iPhoneSimulator = Debug|iPhoneSimulator
		Release|Any CPU = Release|Any CPU
		Release|iPhone = Release|iPhone
		Release|iPhoneSimulator = Release|iPhoneSimulator
	EndGlobalSection
	GlobalSection(ProjectConfigurationPlatforms) = postSolution
		{BE9A87A1-8043-4D8C-BD4A-9B180769A59E}.Ad-Hoc|Any CPU.ActiveCfg = Release|Any CPU
		{BE9A87A1-8043-4D8C-BD4A-9B180769A59E}.Ad-Hoc|Any CPU.Build.0 = Release|Any CPU
		{BE9A87A1-8043-4D8C-BD4A-9B180769A59E}.Ad-Hoc|iPhone.ActiveCfg = Debug|Any CPU
		{BE9A87A1-8043-4D8C-BD4A-9B180769A59E}.Ad-Hoc|iPhone.Build.0 = Debug|Any CPU
		{BE9A87A1-8043-4D8C-BD4A-9B180769A59E}.Ad-Hoc|iPhoneSimulator.ActiveCfg = Release|Any CPU
		{BE9A87A1-8043-4D8C-BD4A-9B180769A59E}.Ad-Hoc|iPhoneSimulator.Build.0 = Release|Any CPU
		{BE9A87A1-8043-4D8C-BD4A-9B180769A59E}.AppStore|Any CPU.ActiveCfg = Release|Any CPU
		{BE9A87A1-8043-4D8C-BD4A-9B180769A59E}.AppStore|Any CPU.Build.0 = Release|Any CPU
		{BE9A87A1-8043-4D8C-BD4A-9B180769A59E}.AppStore|iPhone.ActiveCfg = Debug|Any CPU
		{BE9A87A1-8043-4D8C-BD4A-9B180769A59E}.AppStore|iPhone.Build.0 = Debug|Any CPU
		{BE9A87A1-8043-4D8C-BD4A-9B180769A59E}.AppStore|iPhoneSimulator.ActiveCfg = Release|Any CPU
		{BE9A87A1-8043-4D8C-BD4A-9B180769A59E}.AppStore|iPhoneSimulator.Build.0 = Release|Any CPU
		{BE9A87A1-8043-4D8C-BD4A-9B180769A59E}.Debug|Any CPU.ActiveCfg = Debug|Any CPU
		{BE9A87A1-8043-4D8C-BD4A-9B180769A59E}.Debug|Any CPU.Build.0 = Debug|Any CPU
		{BE9A87A1-8043-4D8C-BD4A-9B180769A59E}.Debug|iPhone.ActiveCfg = Debug|Any CPU
		{BE9A87A1-8043-4D8C-BD4A-9B180769A59E}.Debug|iPhone.Build.0 = Debug|Any CPU
		{BE9A87A1-8043-4D8C-BD4A-9B180769A59E}.Debug|iPhoneSimulator.ActiveCfg = Debug|Any CPU
		{BE9A87A1-8043-4D8C-BD4A-9B180769A59E}.Debug|iPhoneSimulator.Build.0 = Debug|Any CPU
		{BE9A87A1-8043-4D8C-BD4A-9B180769A59E}.Release|Any CPU.ActiveCfg = Release|Any CPU
		{BE9A87A1-8043-4D8C-BD4A-9B180769A59E}.Release|Any CPU.Build.0 = Release|Any CPU
		{BE9A87A1-8043-4D8C-BD4A-9B180769A59E}.Release|iPhone.ActiveCfg = Release|Any CPU
		{BE9A87A1-8043-4D8C-BD4A-9B180769A59E}.Release|iPhone.Build.0 = Release|Any CPU
		{BE9A87A1-8043-4D8C-BD4A-9B180769A59E}.Release|iPhoneSimulator.ActiveCfg = Release|Any CPU
		{BE9A87A1-8043-4D8C-BD4A-9B180769A59E}.Release|iPhoneSimulator.Build.0 = Release|Any CPU
		{9F093D89-6EEE-4CA0-BAC9-7790B5D3B077}.Ad-Hoc|Any CPU.ActiveCfg = Release|Any CPU
		{9F093D89-6EEE-4CA0-BAC9-7790B5D3B077}.Ad-Hoc|Any CPU.Build.0 = Release|Any CPU
		{9F093D89-6EEE-4CA0-BAC9-7790B5D3B077}.Ad-Hoc|Any CPU.Deploy.0 = Release|Any CPU
		{9F093D89-6EEE-4CA0-BAC9-7790B5D3B077}.Ad-Hoc|iPhone.ActiveCfg = Debug|Any CPU
		{9F093D89-6EEE-4CA0-BAC9-7790B5D3B077}.Ad-Hoc|iPhone.Build.0 = Debug|Any CPU
		{9F093D89-6EEE-4CA0-BAC9-7790B5D3B077}.Ad-Hoc|iPhone.Deploy.0 = Debug|Any CPU
		{9F093D89-6EEE-4CA0-BAC9-7790B5D3B077}.Ad-Hoc|iPhoneSimulator.ActiveCfg = Release|Any CPU
		{9F093D89-6EEE-4CA0-BAC9-7790B5D3B077}.Ad-Hoc|iPhoneSimulator.Build.0 = Release|Any CPU
		{9F093D89-6EEE-4CA0-BAC9-7790B5D3B077}.Ad-Hoc|iPhoneSimulator.Deploy.0 = Release|Any CPU
		{9F093D89-6EEE-4CA0-BAC9-7790B5D3B077}.AppStore|Any CPU.ActiveCfg = Release|Any CPU
		{9F093D89-6EEE-4CA0-BAC9-7790B5D3B077}.AppStore|Any CPU.Build.0 = Release|Any CPU
		{9F093D89-6EEE-4CA0-BAC9-7790B5D3B077}.AppStore|Any CPU.Deploy.0 = Release|Any CPU
		{9F093D89-6EEE-4CA0-BAC9-7790B5D3B077}.AppStore|iPhone.ActiveCfg = Debug|Any CPU
		{9F093D89-6EEE-4CA0-BAC9-7790B5D3B077}.AppStore|iPhone.Build.0 = Debug|Any CPU
		{9F093D89-6EEE-4CA0-BAC9-7790B5D3B077}.AppStore|iPhone.Deploy.0 = Debug|Any CPU
		{9F093D89-6EEE-4CA0-BAC9-7790B5D3B077}.AppStore|iPhoneSimulator.ActiveCfg = Release|Any CPU
		{9F093D89-6EEE-4CA0-BAC9-7790B5D3B077}.AppStore|iPhoneSimulator.Build.0 = Release|Any CPU
		{9F093D89-6EEE-4CA0-BAC9-7790B5D3B077}.AppStore|iPhoneSimulator.Deploy.0 = Release|Any CPU
		{9F093D89-6EEE-4CA0-BAC9-7790B5D3B077}.Debug|Any CPU.ActiveCfg = Debug|Any CPU
		{9F093D89-6EEE-4CA0-BAC9-7790B5D3B077}.Debug|Any CPU.Build.0 = Debug|Any CPU
		{9F093D89-6EEE-4CA0-BAC9-7790B5D3B077}.Debug|Any CPU.Deploy.0 = Debug|Any CPU
		{9F093D89-6EEE-4CA0-BAC9-7790B5D3B077}.Debug|iPhone.ActiveCfg = Debug|Any CPU
		{9F093D89-6EEE-4CA0-BAC9-7790B5D3B077}.Debug|iPhone.Build.0 = Debug|Any CPU
		{9F093D89-6EEE-4CA0-BAC9-7790B5D3B077}.Debug|iPhone.Deploy.0 = Debug|Any CPU
		{9F093D89-6EEE-4CA0-BAC9-7790B5D3B077}.Debug|iPhoneSimulator.ActiveCfg = Debug|Any CPU
		{9F093D89-6EEE-4CA0-BAC9-7790B5D3B077}.Debug|iPhoneSimulator.Build.0 = Debug|Any CPU
		{9F093D89-6EEE-4CA0-BAC9-7790B5D3B077}.Debug|iPhoneSimulator.Deploy.0 = Debug|Any CPU
		{9F093D89-6EEE-4CA0-BAC9-7790B5D3B077}.Release|Any CPU.ActiveCfg = Release|Any CPU
		{9F093D89-6EEE-4CA0-BAC9-7790B5D3B077}.Release|Any CPU.Build.0 = Release|Any CPU
		{9F093D89-6EEE-4CA0-BAC9-7790B5D3B077}.Release|Any CPU.Deploy.0 = Release|Any CPU
		{9F093D89-6EEE-4CA0-BAC9-7790B5D3B077}.Release|iPhone.ActiveCfg = Release|Any CPU
		{9F093D89-6EEE-4CA0-BAC9-7790B5D3B077}.Release|iPhone.Build.0 = Release|Any CPU
		{9F093D89-6EEE-4CA0-BAC9-7790B5D3B077}.Release|iPhone.Deploy.0 = Release|Any CPU
		{9F093D89-6EEE-4CA0-BAC9-7790B5D3B077}.Release|iPhoneSimulator.ActiveCfg = Release|Any CPU
		{9F093D89-6EEE-4CA0-BAC9-7790B5D3B077}.Release|iPhoneSimulator.Build.0 = Release|Any CPU
		{9F093D89-6EEE-4CA0-BAC9-7790B5D3B077}.Release|iPhoneSimulator.Deploy.0 = Release|Any CPU
		{6ED23F56-E943-4CD5-AE19-D925C5B8D1CC}.Ad-Hoc|Any CPU.ActiveCfg = Ad-Hoc|iPhoneSimulator
		{6ED23F56-E943-4CD5-AE19-D925C5B8D1CC}.Ad-Hoc|Any CPU.Build.0 = Ad-Hoc|iPhoneSimulator
		{6ED23F56-E943-4CD5-AE19-D925C5B8D1CC}.Ad-Hoc|iPhone.ActiveCfg = Ad-Hoc|iPhone
		{6ED23F56-E943-4CD5-AE19-D925C5B8D1CC}.Ad-Hoc|iPhone.Build.0 = Ad-Hoc|iPhone
		{6ED23F56-E943-4CD5-AE19-D925C5B8D1CC}.Ad-Hoc|iPhone.Deploy.0 = Ad-Hoc|iPhone
		{6ED23F56-E943-4CD5-AE19-D925C5B8D1CC}.Ad-Hoc|iPhoneSimulator.ActiveCfg = Ad-Hoc|iPhoneSimulator
		{6ED23F56-E943-4CD5-AE19-D925C5B8D1CC}.Ad-Hoc|iPhoneSimulator.Build.0 = Ad-Hoc|iPhoneSimulator
		{6ED23F56-E943-4CD5-AE19-D925C5B8D1CC}.AppStore|Any CPU.ActiveCfg = AppStore|iPhoneSimulator
		{6ED23F56-E943-4CD5-AE19-D925C5B8D1CC}.AppStore|Any CPU.Build.0 = AppStore|iPhoneSimulator
		{6ED23F56-E943-4CD5-AE19-D925C5B8D1CC}.AppStore|iPhone.ActiveCfg = AppStore|iPhone
		{6ED23F56-E943-4CD5-AE19-D925C5B8D1CC}.AppStore|iPhone.Build.0 = AppStore|iPhone
		{6ED23F56-E943-4CD5-AE19-D925C5B8D1CC}.AppStore|iPhone.Deploy.0 = AppStore|iPhone
		{6ED23F56-E943-4CD5-AE19-D925C5B8D1CC}.AppStore|iPhoneSimulator.ActiveCfg = AppStore|iPhoneSimulator
		{6ED23F56-E943-4CD5-AE19-D925C5B8D1CC}.AppStore|iPhoneSimulator.Build.0 = AppStore|iPhoneSimulator
		{6ED23F56-E943-4CD5-AE19-D925C5B8D1CC}.Debug|Any CPU.ActiveCfg = Debug|iPhoneSimulator
		{6ED23F56-E943-4CD5-AE19-D925C5B8D1CC}.Debug|Any CPU.Build.0 = Debug|iPhoneSimulator
		{6ED23F56-E943-4CD5-AE19-D925C5B8D1CC}.Debug|Any CPU.Deploy.0 = Debug|iPhoneSimulator
		{6ED23F56-E943-4CD5-AE19-D925C5B8D1CC}.Debug|iPhone.ActiveCfg = Debug|iPhone
		{6ED23F56-E943-4CD5-AE19-D925C5B8D1CC}.Debug|iPhone.Build.0 = Debug|iPhone
		{6ED23F56-E943-4CD5-AE19-D925C5B8D1CC}.Debug|iPhone.Deploy.0 = Debug|iPhone
		{6ED23F56-E943-4CD5-AE19-D925C5B8D1CC}.Debug|iPhoneSimulator.ActiveCfg = Debug|iPhoneSimulator
		{6ED23F56-E943-4CD5-AE19-D925C5B8D1CC}.Debug|iPhoneSimulator.Build.0 = Debug|iPhoneSimulator
		{6ED23F56-E943-4CD5-AE19-D925C5B8D1CC}.Debug|iPhoneSimulator.Deploy.0 = Debug|iPhoneSimulator
		{6ED23F56-E943-4CD5-AE19-D925C5B8D1CC}.Release|Any CPU.ActiveCfg = Release|iPhoneSimulator
		{6ED23F56-E943-4CD5-AE19-D925C5B8D1CC}.Release|Any CPU.Build.0 = Release|iPhoneSimulator
		{6ED23F56-E943-4CD5-AE19-D925C5B8D1CC}.Release|Any CPU.Deploy.0 = Release|iPhoneSimulator
		{6ED23F56-E943-4CD5-AE19-D925C5B8D1CC}.Release|iPhone.ActiveCfg = Release|iPhone
		{6ED23F56-E943-4CD5-AE19-D925C5B8D1CC}.Release|iPhone.Build.0 = Release|iPhone
		{6ED23F56-E943-4CD5-AE19-D925C5B8D1CC}.Release|iPhone.Deploy.0 = Release|iPhone
		{6ED23F56-E943-4CD5-AE19-D925C5B8D1CC}.Release|iPhoneSimulator.ActiveCfg = Release|iPhoneSimulator
		{6ED23F56-E943-4CD5-AE19-D925C5B8D1CC}.Release|iPhoneSimulator.Build.0 = Release|iPhoneSimulator
		{6ED23F56-E943-4CD5-AE19-D925C5B8D1CC}.Release|iPhoneSimulator.Deploy.0 = Release|iPhoneSimulator
	EndGlobalSection
	GlobalSection(SolutionProperties) = preSolution
		HideSolutionNode = FALSE
	EndGlobalSection
	GlobalSection(NestedProjects) = preSolution
		{BE9A87A1-8043-4D8C-BD4A-9B180769A59E} = {4E754D1C-14E9-472F-833A-8CCB8315D22B}
		{9F093D89-6EEE-4CA0-BAC9-7790B5D3B077} = {4E754D1C-14E9-472F-833A-8CCB8315D22B}
		{6ED23F56-E943-4CD5-AE19-D925C5B8D1CC} = {4E754D1C-14E9-472F-833A-8CCB8315D22B}
	EndGlobalSection
	GlobalSection(ExtensibilityGlobals) = postSolution
		SolutionGuid = {0699BA86-9806-488E-94DC-3C793CECDEFE}
	EndGlobalSection
EndGlobal
